
Microsoft Visual Studio Solution File, Format Version 12.00
# Visual Studio Version 17
VisualStudioVersion = 17.5.002.0
MinimumVisualStudioVersion = 10.0.40219.1
Project("{9A19103F-16F7-4668-BE54-9A1E7A4F7556}") = "CatalogoDeProdutos.Api", "CatalogoDeProdutos.Api\CatalogoDeProdutos.Api.csproj", "{7D750A96-4368-4B1D-8B26-8BD34E529F55}"
EndProject
Project("{9A19103F-16F7-4668-BE54-9A1E7A4F7556}") = "CatalogoDeProdutos.Core", "CatalogoDeProdutos.Core\CatalogoDeProdutos.Core.csproj", "{3BA95052-A8C5-42AF-BE19-B47022861357}"
EndProject
Project("{FAE04EC0-301F-11D3-BF4B-00C04F79EFBC}") = "CatalogoDeProdutos.Blazor", "CatalogoDeProdutos.Blazor\CatalogoDeProdutos.Blazor.csproj", "{5CDCF622-0E7E-4E24-B3D8-CF7BDE431B28}"
EndProject
Project("{FAE04EC0-301F-11D3-BF4B-00C04F79EFBC}") = "CatalogoDeProdutos.application", "CatalogoDeProdutos.Application\CatalogoDeProdutos.application.csproj", "{B41E3BDA-86A6-4DB5-9893-2A081ABF6B7C}"
EndProject
Project("{FAE04EC0-301F-11D3-BF4B-00C04F79EFBC}") = "CatalogoDeProdutos.Infra", "CatalogoDeProdutos.Infra\CatalogoDeProdutos.Infra.csproj", "{F22FEA26-D7F5-42BB-B175-8BD5C81700F6}"
EndProject
Project("{FAE04EC0-301F-11D3-BF4B-00C04F79EFBC}") = "CatalogoDeProdutos.Teste", "CatalogoDeProdutos.Teste\CatalogoDeProdutos.Teste.csproj", "{0A30F42E-559E-4F31-94A8-E11E7C72CF41}"
EndProject
Global
	GlobalSection(SolutionConfigurationPlatforms) = preSolution
		Debug|Any CPU = Debug|Any CPU
		Release|Any CPU = Release|Any CPU
	EndGlobalSection
	GlobalSection(ProjectConfigurationPlatforms) = postSolution
		{7D750A96-4368-4B1D-8B26-8BD34E529F55}.Debug|Any CPU.ActiveCfg = Debug|Any CPU
		{7D750A96-4368-4B1D-8B26-8BD34E529F55}.Debug|Any CPU.Build.0 = Debug|Any CPU
		{7D750A96-4368-4B1D-8B26-8BD34E529F55}.Release|Any CPU.ActiveCfg = Release|Any CPU
		{7D750A96-4368-4B1D-8B26-8BD34E529F55}.Release|Any CPU.Build.0 = Release|Any CPU
		{3BA95052-A8C5-42AF-BE19-B47022861357}.Debug|Any CPU.ActiveCfg = Debug|Any CPU
		{3BA95052-A8C5-42AF-BE19-B47022861357}.Debug|Any CPU.Build.0 = Debug|Any CPU
		{3BA95052-A8C5-42AF-BE19-B47022861357}.Release|Any CPU.ActiveCfg = Release|Any CPU
		{3BA95052-A8C5-42AF-BE19-B47022861357}.Release|Any CPU.Build.0 = Release|Any CPU
		{A8B43D63-0109-4CAD-BEC6-C2AE2DE70D2E}.Debug|Any CPU.ActiveCfg = Debug|Any CPU
		{A8B43D63-0109-4CAD-BEC6-C2AE2DE70D2E}.Debug|Any CPU.Build.0 = Debug|Any CPU
		{A8B43D63-0109-4CAD-BEC6-C2AE2DE70D2E}.Release|Any CPU.ActiveCfg = Release|Any CPU
		{A8B43D63-0109-4CAD-BEC6-C2AE2DE70D2E}.Release|Any CPU.Build.0 = Release|Any CPU
		{5CDCF622-0E7E-4E24-B3D8-CF7BDE431B28}.Debug|Any CPU.ActiveCfg = Debug|Any CPU
		{5CDCF622-0E7E-4E24-B3D8-CF7BDE431B28}.Debug|Any CPU.Build.0 = Debug|Any CPU
		{5CDCF622-0E7E-4E24-B3D8-CF7BDE431B28}.Release|Any CPU.ActiveCfg = Release|Any CPU
		{5CDCF622-0E7E-4E24-B3D8-CF7BDE431B28}.Release|Any CPU.Build.0 = Release|Any CPU
		{B41E3BDA-86A6-4DB5-9893-2A081ABF6B7C}.Debug|Any CPU.ActiveCfg = Debug|Any CPU
		{B41E3BDA-86A6-4DB5-9893-2A081ABF6B7C}.Debug|Any CPU.Build.0 = Debug|Any CPU
		{B41E3BDA-86A6-4DB5-9893-2A081ABF6B7C}.Release|Any CPU.ActiveCfg = Release|Any CPU
		{B41E3BDA-86A6-4DB5-9893-2A081ABF6B7C}.Release|Any CPU.Build.0 = Release|Any CPU
		{F22FEA26-D7F5-42BB-B175-8BD5C81700F6}.Debug|Any CPU.ActiveCfg = Debug|Any CPU
		{F22FEA26-D7F5-42BB-B175-8BD5C81700F6}.Debug|Any CPU.Build.0 = Debug|Any CPU
		{F22FEA26-D7F5-42BB-B175-8BD5C81700F6}.Release|Any CPU.ActiveCfg = Release|Any CPU
		{F22FEA26-D7F5-42BB-B175-8BD5C81700F6}.Release|Any CPU.Build.0 = Release|Any CPU
		{0A30F42E-559E-4F31-94A8-E11E7C72CF41}.Debug|Any CPU.ActiveCfg = Debug|Any CPU
		{0A30F42E-559E-4F31-94A8-E11E7C72CF41}.Debug|Any CPU.Build.0 = Debug|Any CPU
		{0A30F42E-559E-4F31-94A8-E11E7C72CF41}.Release|Any CPU.ActiveCfg = Release|Any CPU
		{0A30F42E-559E-4F31-94A8-E11E7C72CF41}.Release|Any CPU.Build.0 = Release|Any CPU
	EndGlobalSection
	GlobalSection(SolutionProperties) = preSolution
		HideSolutionNode = FALSE
	EndGlobalSection
	GlobalSection(ExtensibilityGlobals) = postSolution
		SolutionGuid = {1B7479E9-8137-4F1B-9DF6-F7914BDFFB97}
	EndGlobalSection
EndGlobal
